
Microsoft Visual Studio Solution File, Format Version 12.00
# Visual Studio Version 17
VisualStudioVersion = 17.11.35208.52
MinimumVisualStudioVersion = 10.0.40219.1
Project("{FAE04EC0-301F-11D3-BF4B-00C04F79EFBC}") = "DataServer", "DataServer\DataServer.csproj", "{A91C72A8-190D-41C5-96C8-EE4208A076FF}"
EndProject
Project("{FAE04EC0-301F-11D3-BF4B-00C04F79EFBC}") = "Rooms", "Rooms\Rooms.csproj", "{0789FE8F-202A-4269-8EF2-A369D9E22733}"
EndProject
Project("{FAE04EC0-301F-11D3-BF4B-00C04F79EFBC}") = "Users", "Users\Users.csproj", "{6D842DBA-EC26-4F5C-8BD7-0E4FB4A6A4E0}"
EndProject
Project("{FAE04EC0-301F-11D3-BF4B-00C04F79EFBC}") = "GameLobbyClient", "GameLobbyClient\GameLobbyClient.csproj", "{3F66BE99-EB9F-4192-990F-259FA4479569}"
EndProject
Project("{FAE04EC0-301F-11D3-BF4B-00C04F79EFBC}") = "Messages", "Message\Messages.csproj", "{AE90AD1C-4978-4171-B011-8033047C262C}"
EndProject
Global
	GlobalSection(SolutionConfigurationPlatforms) = preSolution
		Debug|Any CPU = Debug|Any CPU
		Release|Any CPU = Release|Any CPU
	EndGlobalSection
	GlobalSection(ProjectConfigurationPlatforms) = postSolution
		{A91C72A8-190D-41C5-96C8-EE4208A076FF}.Debug|Any CPU.ActiveCfg = Debug|Any CPU
		{A91C72A8-190D-41C5-96C8-EE4208A076FF}.Debug|Any CPU.Build.0 = Debug|Any CPU
		{A91C72A8-190D-41C5-96C8-EE4208A076FF}.Release|Any CPU.ActiveCfg = Release|Any CPU
		{A91C72A8-190D-41C5-96C8-EE4208A076FF}.Release|Any CPU.Build.0 = Release|Any CPU
		{0789FE8F-202A-4269-8EF2-A369D9E22733}.Debug|Any CPU.ActiveCfg = Debug|Any CPU
		{0789FE8F-202A-4269-8EF2-A369D9E22733}.Debug|Any CPU.Build.0 = Debug|Any CPU
		{0789FE8F-202A-4269-8EF2-A369D9E22733}.Release|Any CPU.ActiveCfg = Release|Any CPU
		{0789FE8F-202A-4269-8EF2-A369D9E22733}.Release|Any CPU.Build.0 = Release|Any CPU
		{6D842DBA-EC26-4F5C-8BD7-0E4FB4A6A4E0}.Debug|Any CPU.ActiveCfg = Debug|Any CPU
		{6D842DBA-EC26-4F5C-8BD7-0E4FB4A6A4E0}.Debug|Any CPU.Build.0 = Debug|Any CPU
		{6D842DBA-EC26-4F5C-8BD7-0E4FB4A6A4E0}.Release|Any CPU.ActiveCfg = Release|Any CPU
		{6D842DBA-EC26-4F5C-8BD7-0E4FB4A6A4E0}.Release|Any CPU.Build.0 = Release|Any CPU
		{3F66BE99-EB9F-4192-990F-259FA4479569}.Debug|Any CPU.ActiveCfg = Debug|Any CPU
		{3F66BE99-EB9F-4192-990F-259FA4479569}.Debug|Any CPU.Build.0 = Debug|Any CPU
		{3F66BE99-EB9F-4192-990F-259FA4479569}.Release|Any CPU.ActiveCfg = Release|Any CPU
		{3F66BE99-EB9F-4192-990F-259FA4479569}.Release|Any CPU.Build.0 = Release|Any CPU
		{AE90AD1C-4978-4171-B011-8033047C262C}.Debug|Any CPU.ActiveCfg = Debug|Any CPU
		{AE90AD1C-4978-4171-B011-8033047C262C}.Debug|Any CPU.Build.0 = Debug|Any CPU
		{AE90AD1C-4978-4171-B011-8033047C262C}.Release|Any CPU.ActiveCfg = Release|Any CPU
		{AE90AD1C-4978-4171-B011-8033047C262C}.Release|Any CPU.Build.0 = Release|Any CPU
	EndGlobalSection
	GlobalSection(SolutionProperties) = preSolution
		HideSolutionNode = FALSE
	EndGlobalSection
	GlobalSection(ExtensibilityGlobals) = postSolution
		SolutionGuid = {89AA23F6-47B6-400C-8A13-43BD058EF756}
	EndGlobalSection
EndGlobal
